// !$*UTF8*$!
{
	archiveVersion = 1;
	classes = {
	};
	objectVersion = 46;
	objects = {

/* Begin PBXBuildFile section */
		344C6ACB1D439A3900B0BB26 /* AppDelegate.swift in Sources */ = {isa = PBXBuildFile; fileRef = 344C6ACA1D439A3900B0BB26 /* AppDelegate.swift */; };
		344C6ACD1D439A3900B0BB26 /* ViewController.swift in Sources */ = {isa = PBXBuildFile; fileRef = 344C6ACC1D439A3900B0BB26 /* ViewController.swift */; };
		344C6AD01D439A3900B0BB26 /* Main.storyboard in Resources */ = {isa = PBXBuildFile; fileRef = 344C6ACE1D439A3900B0BB26 /* Main.storyboard */; };
		344C6AD21D439A3900B0BB26 /* Assets.xcassets in Resources */ = {isa = PBXBuildFile; fileRef = 344C6AD11D439A3900B0BB26 /* Assets.xcassets */; };
		344C6AD51D439A3900B0BB26 /* LaunchScreen.storyboard in Resources */ = {isa = PBXBuildFile; fileRef = 344C6AD31D439A3900B0BB26 /* LaunchScreen.storyboard */; };
/* End PBXBuildFile section */

/* Begin PBXFileReference section */
		344C6AC71D439A3900B0BB26 /* SwiftAd01.app */ = {isa = PBXFileReference; explicitFileType = wrapper.application; includeInIndex = 0; path = SwiftAd01.app; sourceTree = BUILT_PRODUCTS_DIR; };
		344C6ACA1D439A3900B0BB26 /* AppDelegate.swift */ = {isa = PBXFileReference; lastKnownFileType = sourcecode.swift; path = AppDelegate.swift; sourceTree = "<group>"; };
		344C6ACC1D439A3900B0BB26 /* ViewController.swift */ = {isa = PBXFileReference; lastKnownFileType = sourcecode.swift; path = ViewController.swift; sourceTree = "<group>"; };
		344C6ACF1D439A3900B0BB26 /* Base */ = {isa = PBXFileReference; lastKnownFileType = file.storyboard; name = Base; path = Base.lproj/Main.storyboard; sourceTree = "<group>"; };
		344C6AD11D439A3900B0BB26 /* Assets.xcassets */ = {isa = PBXFileReference; lastKnownFileType = folder.assetcatalog; path = Assets.xcassets; sourceTree = "<group>"; };
		344C6AD41D439A3900B0BB26 /* Base */ = {isa = PBXFileReference; lastKnownFileType = file.storyboard; name = Base; path = Base.lproj/LaunchScreen.storyboard; sourceTree = "<group>"; };
		344C6AD61D439A3900B0BB26 /* Info.plist */ = {isa = PBXFileReference; lastKnownFileType = text.plist.xml; path = Info.plist; sourceTree = "<group>"; };
/* End PBXFileReference section */

/* Begin PBXFrameworksBuildPhase section */
		344C6AC41D439A3900B0BB26 /* Frameworks */ = {
			isa = PBXFrameworksBuildPhase;
			buildActionMask = 2147483647;
			files = (
			);
			runOnlyForDeploymentPostprocessing = 0;
		};
/* End PBXFrameworksBuildPhase section */

/* Begin PBXGroup section */
		344C6ABE1D439A3900B0BB26 = {
			isa = PBXGroup;
			children = (
				344C6AC91D439A3900B0BB26 /* SwiftAd01 */,
				344C6AC81D439A3900B0BB26 /* Products */,
			);
			sourceTree = "<group>";
		};
		344C6AC81D439A3900B0BB26 /* Products */ = {
			isa = PBXGroup;
			children = (
				344C6AC71D439A3900B0BB26 /* SwiftAd01.app */,
			);
			name = Products;
			sourceTree = "<group>";
		};
		344C6AC91D439A3900B0BB26 /* SwiftAd01 */ = {
			isa = PBXGroup;
			children = (
				344C6ACA1D439A3900B0BB26 /* AppDelegate.swift */,
				344C6ACC1D439A3900B0BB26 /* ViewController.swift */,
				344C6ACE1D439A3900B0BB26 /* Main.storyboard */,
				344C6AD11D439A3900B0BB26 /* Assets.xcassets */,
				344C6AD31D439A3900B0BB26 /* LaunchScreen.storyboard */,
				344C6AD61D439A3900B0BB26 /* Info.plist */,
			);
			path = SwiftAd01;
			sourceTree = "<group>";
		};
/* End PBXGroup section */

/* Begin PBXNativeTarget section */
		344C6AC61D439A3900B0BB26 /* SwiftAd01 */ = {
			isa = PBXNativeTarget;
			buildConfigurationList = 344C6AD91D439A3900B0BB26 /* Build configuration list for PBXNativeTarget "SwiftAd01" */;
			buildPhases = (
				344C6AC31D439A3900B0BB26 /* Sources */,
				344C6AC41D439A3900B0BB26 /* Frameworks */,
				344C6AC51D439A3900B0BB26 /* Resources */,
			);
			buildRules = (
			);
			dependencies = (
			);
			name = SwiftAd01;
			productName = SwiftAd01;
			productReference = 344C6AC71D439A3900B0BB26 /* SwiftAd01.app */;
			productType = "com.apple.product-type.application";
		};
/* End PBXNativeTarget section */

/* Begin PBXProject section */
		344C6ABF1D439A3900B0BB26 /* Project object */ = {
			isa = PBXProject;
			attributes = {
				LastSwiftUpdateCheck = 0730;
				LastUpgradeCheck = 0730;
				ORGANIZATIONNAME = "Vitaly Tatarintsev";
				TargetAttributes = {
					344C6AC61D439A3900B0BB26 = {
						CreatedOnToolsVersion = 7.3.1;
					};
				};
			};
			buildConfigurationList = 344C6AC21D439A3900B0BB26 /* Build configuration list for PBXProject "SwiftAd01" */;
			compatibilityVersion = "Xcode 3.2";
			developmentRegion = English;
			hasScannedForEncodings = 0;
			knownRegions = (
				en,
				Base,
			);
			mainGroup = 344C6ABE1D439A3900B0BB26;
			productRefGroup = 344C6AC81D439A3900B0BB26 /* Products */;
			projectDirPath = "";
			projectRoot = "";
			targets = (
				344C6AC61D439A3900B0BB26 /* SwiftAd01 */,
			);
		};
/* End PBXProject section */

/* Begin PBXResourcesBuildPhase section */
		344C6AC51D439A3900B0BB26 /* Resources */ = {
			isa = PBXResourcesBuildPhase;
			buildActionMask = 2147483647;
			files = (
				344C6AD51D439A3900B0BB26 /* LaunchScreen.storyboard in Resources */,
				344C6AD21D439A3900B0BB26 /* Assets.xcassets in Resources */,
				344C6AD01D439A3900B0BB26 /* Main.storyboard in Resources */,
			);
			runOnlyForDeploymentPostprocessing = 0;
		};
/* End PBXResourcesBuildPhase section */

/* Begin PBXSourcesBuildPhase section */
		344C6AC31D439A3900B0BB26 /* Sources */ = {
			isa = PBXSourcesBuildPhase;
			buildActionMask = 2147483647;
			files = (
				344C6ACD1D439A3900B0BB26 /* ViewController.swift in Sources */,
				344C6ACB1D439A3900B0BB26 /* AppDelegate.swift in Sources */,
			);
			runOnlyForDeploymentPostprocessing = 0;
		};
/* End PBXSourcesBuildPhase section */

/* Begin PBXVariantGroup section */
		344C6ACE1D439A3900B0BB26 /* Main.storyboard */ = {
			isa = PBXVariantGroup;
			children = (
				344C6ACF1D439A3900B0BB26 /* Base */,
			);
			name = Main.storyboard;
			sourceTree = "<group>";
		};
		344C6AD31D439A3900B0BB26 /* LaunchScreen.storyboard */ = {
			isa = PBXVariantGroup;
			children = (
				344C6AD41D439A3900B0BB26 /* Base */,
			);
			name = LaunchScreen.storyboard;
			sourceTree = "<group>";
		};
/* End PBXVariantGroup section */

/* Begin XCBuildConfiguration section */
		344C6AD71D439A3900B0BB26 /* Debug */ = {
			isa = XCBuildConfiguration;
			buildSettings = {
				ALWAYS_SEARCH_USER_PATHS = NO;
				CLANG_ANALYZER_NONNULL = YES;
				CLANG_CXX_LANGUAGE_STANDARD = "gnu++0x";
				CLANG_CXX_LIBRARY = "libc++";
				CLANG_ENABLE_MODULES = YES;
				CLANG_ENABLE_OBJC_ARC = YES;
				CLANG_WARN_BOOL_CONVERSION = YES;
				CLANG_WARN_CONSTANT_CONVERSION = YES;
				CLANG_WARN_DIRECT_OBJC_ISA_USAGE = YES_ERROR;
				CLANG_WARN_EMPTY_BODY = YES;
				CLANG_WARN_ENUM_CONVERSION = YES;
				CLANG_WARN_INT_CONVERSION = YES;
				CLANG_WARN_OBJC_ROOT_CLASS = YES_ERROR;
				CLANG_WARN_UNREACHABLE_CODE = YES;
				CLANG_WARN__DUPLICATE_METHOD_MATCH = YES;
				"CODE_SIGN_IDENTITY[sdk=iphoneos*]" = "iPhone Developer";
				COPY_PHASE_STRIP = NO;
				DEBUG_INFORMATION_FORMAT = dwarf;
				ENABLE_STRICT_OBJC_MSGSEND = YES;
				ENABLE_TESTABILITY = YES;
				GCC_C_LANGUAGE_STANDARD = gnu99;
				GCC_DYNAMIC_NO_PIC = NO;
				GCC_NO_COMMON_BLOCKS = YES;
				GCC_OPTIMIZATION_LEVEL = 0;
				GCC_PREPROCESSOR_DEFINITIONS = (
					"DEBUG=1",
					"$(inherited)",
				);
				GCC_WARN_64_TO_32_BIT_CONVERSION = YES;
				GCC_WARN_ABOUT_RETURN_TYPE = YES_ERROR;
				GCC_WARN_UNDECLARED_SELECTOR = YES;
				GCC_WARN_UNINITIALIZED_AUTOS = YES_AGGRESSIVE;
				GCC_WARN_UNUSED_FUNCTION = YES;
				GCC_WARN_UNUSED_VARIABLE = YES;
				IPHONEOS_DEPLOYMENT_TARGET = 9.3;
				MTL_ENABLE_DEBUG_INFO = YES;
				ONLY_ACTIVE_ARCH = YES;
				SDKROOT = iphoneos;
				SWIFT_OPTIMIZATION_LEVEL = "-Onone";
				TARGETED_DEVICE_FAMILY = "1,2";
			};
			name = Debug;
		};
		344C6AD81D439A3900B0BB26 /* Release */ = {
			isa = XCBuildConfiguration;
			buildSettings = {
				ALWAYS_SEARCH_USER_PATHS = NO;
				CLANG_ANALYZER_NONNULL = YES;
				CLANG_CXX_LANGUAGE_STANDARD = "gnu++0x";
				CLANG_CXX_LIBRARY = "libc++";
				CLANG_ENABLE_MODULES = YES;
				CLANG_ENABLE_OBJC_ARC = YES;
				CLANG_WARN_BOOL_CONVERSION = YES;
				CLANG_WARN_CONSTANT_CONVERSION = YES;
				CLANG_WARN_DIRECT_OBJC_ISA_USAGE = YES_ERROR;
				CLANG_WARN_EMPTY_BODY = YES;
				CLANG_WARN_ENUM_CONVERSION = YES;
				CLANG_WARN_INT_CONVERSION = YES;
				CLANG_WARN_OBJC_ROOT_CLASS = YES_ERROR;
				CLANG_WARN_UNREACHABLE_CODE = YES;
				CLANG_WARN__DUPLICATE_METHOD_MATCH = YES;
				"CODE_SIGN_IDENTITY[sdk=iphoneos*]" = "iPhone Developer";
				COPY_PHASE_STRIP = NO;
				DEBUG_INFORMATION_FORMAT = "dwarf-with-dsym";
				ENABLE_NS_ASSERTIONS = NO;
				ENABLE_STRICT_OBJC_MSGSEND = YES;
				GCC_C_LANGUAGE_STANDARD = gnu99;
				GCC_NO_COMMON_BLOCKS = YES;
				GCC_WARN_64_TO_32_BIT_CONVERSION = YES;
				GCC_WARN_ABOUT_RETURN_TYPE = YES_ERROR;
				GCC_WARN_UNDECLARED_SELECTOR = YES;
				GCC_WARN_UNINITIALIZED_AUTOS = YES_AGGRESSIVE;
				GCC_WARN_UNUSED_FUNCTION = YES;
				GCC_WARN_UNUSED_VARIABLE = YES;
				IPHONEOS_DEPLOYMENT_TARGET = 9.3;
				MTL_ENABLE_DEBUG_INFO = NO;
				SDKROOT = iphoneos;
				TARGETED_DEVICE_FAMILY = "1,2";
				VALIDATE_PRODUCT = YES;
			};
			name = Release;
		};
		344C6ADA1D439A3900B0BB26 /* Debug */ = {
			isa = XCBuildConfiguration;
			buildSettings = {
				ASSETCATALOG_COMPILER_APPICON_NAME = AppIcon;
				INFOPLIST_FILE = SwiftAd01/Info.plist;
				LD_RUNPATH_SEARCH_PATHS = "$(inherited) @executable_path/Frameworks";
				PRODUCT_BUNDLE_IDENTIFIER = ck3g.SwiftAd01;
				PRODUCT_NAME = "$(TARGET_NAME)";
			};
			name = Debug;
		};
		344C6ADB1D439A3900B0BB26 /* Release */ = {
			isa = XCBuildConfiguration;
			buildSettings = {
				ASSETCATALOG_COMPILER_APPICON_NAME = AppIcon;
				INFOPLIST_FILE = SwiftAd01/Info.plist;
				LD_RUNPATH_SEARCH_PATHS = "$(inherited) @executable_path/Frameworks";
				PRODUCT_BUNDLE_IDENTIFIER = ck3g.SwiftAd01;
				PRODUCT_NAME = "$(TARGET_NAME)";
			};
			name = Release;
		};
/* End XCBuildConfiguration section */

/* Begin XCConfigurationList section */
		344C6AC21D439A3900B0BB26 /* Build configuration list for PBXProject "SwiftAd01" */ = {
			isa = XCConfigurationList;
			buildConfigurations = (
				344C6AD71D439A3900B0BB26 /* Debug */,
				344C6AD81D439A3900B0BB26 /* Release */,
			);
			defaultConfigurationIsVisible = 0;
			defaultConfigurationName = Release;
		};
		344C6AD91D439A3900B0BB26 /* Build configuration list for PBXNativeTarget "SwiftAd01" */ = {
			isa = XCConfigurationList;
			buildConfigurations = (
				344C6ADA1D439A3900B0BB26 /* Debug */,
				344C6ADB1D439A3900B0BB26 /* Release */,
			);
			defaultConfigurationIsVisible = 0;
		};
/* End XCConfigurationList section */
	};
	rootObject = 344C6ABF1D439A3900B0BB26 /* Project object */;
}
